// !$*UTF8*$!
{
	archiveVersion = 1;
	classes = {
	};
	objectVersion = 51;
	objects = {

/* Begin PBXFileReference section */
		663D19A321E4B56D00EDD5FE /* tjjjk.github.io */ = {isa = PBXFileReference; lastKnownFileType = folder; name = tjjjk.github.io; path = ..; sourceTree = "<group>"; };
/* End PBXFileReference section */

/* Begin PBXGroup section */
		663D199C21E4B4E000EDD5FE = {
			isa = PBXGroup;
			children = (
				663D19A321E4B56D00EDD5FE /* tjjjk.github.io */,
			);
			sourceTree = "<group>";
		};
/* End PBXGroup section */

/* Begin PBXProject section */
		663D199D21E4B4E000EDD5FE /* Project object */ = {
			isa = PBXProject;
			attributes = {
				LastUpgradeCheck = 1010;
			};
			buildConfigurationList = 663D19A021E4B4E000EDD5FE /* Build configuration list for PBXProject "1" */;
			compatibilityVersion = "Xcode 10.0";
			developmentRegion = en;
			hasScannedForEncodings = 0;
			knownRegions = (
				en,
			);
			mainGroup = 663D199C21E4B4E000EDD5FE;
			projectDirPath = "";
			projectRoot = "";
			targets = (
			);
		};
/* End PBXProject section */

/* Begin XCBuildConfiguration section */
		663D19A121E4B4E000EDD5FE /* Debug */ = {
			isa = XCBuildConfiguration;
			buildSettings = {
			};
			name = Debug;
		};
		663D19A221E4B4E000EDD5FE /* Release */ = {
			isa = XCBuildConfiguration;
			buildSettings = {
			};
			name = Release;
		};
/* End XCBuildConfiguration section */

/* Begin XCConfigurationList section */
		663D19A021E4B4E000EDD5FE /* Build configuration list for PBXProject "1" */ = {
			isa = XCConfigurationList;
			buildConfigurations = (
				663D19A121E4B4E000EDD5FE /* Debug */,
				663D19A221E4B4E000EDD5FE /* Release */,
			);
			defaultConfigurationIsVisible = 0;
			defaultConfigurationName = Release;
		};
/* End XCConfigurationList section */
	};
	rootObject = 663D199D21E4B4E000EDD5FE /* Project object */;
}
