// !$*UTF8*$!
{
	archiveVersion = 1;
	classes = {
	};
	objectVersion = 50;
	objects = {

/* Begin PBXFileReference section */
		66F16B0421EC16C200A52DD1 /* tjjjk.github.io */ = {isa = PBXFileReference; lastKnownFileType = folder; name = tjjjk.github.io; path = ..; sourceTree = "<group>"; };
/* End PBXFileReference section */

/* Begin PBXGroup section */
		66F16AFD21EC160000A52DD1 = {
			isa = PBXGroup;
			children = (
				66F16B0421EC16C200A52DD1 /* tjjjk.github.io */,
			);
			sourceTree = "<group>";
		};
/* End PBXGroup section */

/* Begin PBXProject section */
		66F16AFE21EC160000A52DD1 /* Project object */ = {
			isa = PBXProject;
			attributes = {
				LastUpgradeCheck = 1010;
			};
			buildConfigurationList = 66F16B0121EC160000A52DD1 /* Build configuration list for PBXProject "123" */;
			compatibilityVersion = "Xcode 9.3";
			developmentRegion = en;
			hasScannedForEncodings = 0;
			knownRegions = (
				en,
			);
			mainGroup = 66F16AFD21EC160000A52DD1;
			projectDirPath = "";
			projectRoot = "";
			targets = (
			);
		};
/* End PBXProject section */

/* Begin XCBuildConfiguration section */
		66F16B0221EC160000A52DD1 /* Debug */ = {
			isa = XCBuildConfiguration;
			buildSettings = {
			};
			name = Debug;
		};
		66F16B0321EC160000A52DD1 /* Release */ = {
			isa = XCBuildConfiguration;
			buildSettings = {
			};
			name = Release;
		};
/* End XCBuildConfiguration section */

/* Begin XCConfigurationList section */
		66F16B0121EC160000A52DD1 /* Build configuration list for PBXProject "123" */ = {
			isa = XCConfigurationList;
			buildConfigurations = (
				66F16B0221EC160000A52DD1 /* Debug */,
				66F16B0321EC160000A52DD1 /* Release */,
			);
			defaultConfigurationIsVisible = 0;
			defaultConfigurationName = Release;
		};
/* End XCConfigurationList section */
	};
	rootObject = 66F16AFE21EC160000A52DD1 /* Project object */;
}
